
Microsoft Visual Studio Solution File, Format Version 12.00
# Visual Studio Version 17
VisualStudioVersion = 17.5.33424.131
MinimumVisualStudioVersion = 10.0.40219.1
Project("{FAE04EC0-301F-11D3-BF4B-00C04F79EFBC}") = "CarRacing", "CarRacing.csproj", "{3CC49868-D794-4EA8-854A-D900FD9F6456}"
EndProject
Global
	GlobalSection(SolutionConfigurationPlatforms) = preSolution
		Debug|Any CPU = Debug|Any CPU
		Release|Any CPU = Release|Any CPU
	EndGlobalSection
	GlobalSection(ProjectConfigurationPlatforms) = postSolution
		{3CC49868-D794-4EA8-854A-D900FD9F6456}.Debug|Any CPU.ActiveCfg = Debug|Any CPU
		{3CC49868-D794-4EA8-854A-D900FD9F6456}.Debug|Any CPU.Build.0 = Debug|Any CPU
		{3CC49868-D794-4EA8-854A-D900FD9F6456}.Release|Any CPU.ActiveCfg = Release|Any CPU
		{3CC49868-D794-4EA8-854A-D900FD9F6456}.Release|Any CPU.Build.0 = Release|Any CPU
	EndGlobalSection
	GlobalSection(SolutionProperties) = preSolution
		HideSolutionNode = FALSE
	EndGlobalSection
	GlobalSection(ExtensibilityGlobals) = postSolution
		SolutionGuid = {B24A7126-3AEF-46B2-8217-6C923B7E77A0}
	EndGlobalSection
EndGlobal
